
Microsoft Visual Studio Solution File, Format Version 12.00
# Visual Studio Version 16
VisualStudioVersion = 16.0.30128.74
MinimumVisualStudioVersion = 10.0.40219.1
Project("{FAE04EC0-301F-11D3-BF4B-00C04F79EFBC}") = "Server", "Server\Server.csproj", "{D23DBD49-1D0B-4A4F-8B6A-6B59155BFBFC}"
EndProject
Global
	GlobalSection(SolutionConfigurationPlatforms) = preSolution
		Debug|Any CPU = Debug|Any CPU
		Release|Any CPU = Release|Any CPU
	EndGlobalSection
	GlobalSection(ProjectConfigurationPlatforms) = postSolution
		{D23DBD49-1D0B-4A4F-8B6A-6B59155BFBFC}.Debug|Any CPU.ActiveCfg = Debug|Any CPU
		{D23DBD49-1D0B-4A4F-8B6A-6B59155BFBFC}.Debug|Any CPU.Build.0 = Debug|Any CPU
		{D23DBD49-1D0B-4A4F-8B6A-6B59155BFBFC}.Release|Any CPU.ActiveCfg = Release|Any CPU
		{D23DBD49-1D0B-4A4F-8B6A-6B59155BFBFC}.Release|Any CPU.Build.0 = Release|Any CPU
	EndGlobalSection
	GlobalSection(SolutionProperties) = preSolution
		HideSolutionNode = FALSE
	EndGlobalSection
	GlobalSection(ExtensibilityGlobals) = postSolution
		SolutionGuid = {27CD02D6-330B-4B1B-A56B-AF5EA6F84587}
	EndGlobalSection
EndGlobal
